// !$*UTF8*$!
{
	archiveVersion = 1;
	classes = {
	};
	objectVersion = 56;
	objects = {

/* Begin PBXBuildFile section */
		F19BBF202A682F930030F090 /* CalendarView.swift in Sources */ = {isa = PBXBuildFile; fileRef = F19BBF1F2A682F930030F090 /* CalendarView.swift */; };
		F19BBF242A6833EC0030F090 /* StatsScreen.swift in Sources */ = {isa = PBXBuildFile; fileRef = F19BBF232A6833EC0030F090 /* StatsScreen.swift */; };
		F19E69292A68109B0018E2CE /* LotusApp.swift in Sources */ = {isa = PBXBuildFile; fileRef = F19E69282A68109B0018E2CE /* LotusApp.swift */; };
		F19E692D2A68109C0018E2CE /* Assets.xcassets in Resources */ = {isa = PBXBuildFile; fileRef = F19E692C2A68109C0018E2CE /* Assets.xcassets */; };
		F19E69302A68109C0018E2CE /* Preview Assets.xcassets in Resources */ = {isa = PBXBuildFile; fileRef = F19E692F2A68109C0018E2CE /* Preview Assets.xcassets */; };
		F19E69322A68109C0018E2CE /* Persistence.swift in Sources */ = {isa = PBXBuildFile; fileRef = F19E69312A68109C0018E2CE /* Persistence.swift */; };
		F19E69352A68109C0018E2CE /* Lotus.xcdatamodeld in Sources */ = {isa = PBXBuildFile; fileRef = F19E69332A68109C0018E2CE /* Lotus.xcdatamodeld */; };
		F19E69402A68109D0018E2CE /* LotusTests.swift in Sources */ = {isa = PBXBuildFile; fileRef = F19E693F2A68109D0018E2CE /* LotusTests.swift */; };
		F19E694A2A68109D0018E2CE /* LotusUITests.swift in Sources */ = {isa = PBXBuildFile; fileRef = F19E69492A68109D0018E2CE /* LotusUITests.swift */; };
		F19E694C2A68109D0018E2CE /* LotusUITestsLaunchTests.swift in Sources */ = {isa = PBXBuildFile; fileRef = F19E694B2A68109D0018E2CE /* LotusUITestsLaunchTests.swift */; };
		F19E69592A6813340018E2CE /* RootView.swift in Sources */ = {isa = PBXBuildFile; fileRef = F19E69582A6813340018E2CE /* RootView.swift */; };
		F19E695B2A6813840018E2CE /* ButtonStyles.swift in Sources */ = {isa = PBXBuildFile; fileRef = F19E695A2A6813840018E2CE /* ButtonStyles.swift */; };
		F19E695D2A68155B0018E2CE /* ColorExtension.swift in Sources */ = {isa = PBXBuildFile; fileRef = F19E695C2A68155B0018E2CE /* ColorExtension.swift */; };
		F1A61EC32A7008F2006E7382 /* CoreDataStack.swift in Sources */ = {isa = PBXBuildFile; fileRef = F1A61EC22A7008F2006E7382 /* CoreDataStack.swift */; };
		F1A61EC52A70093C006E7382 /* CoreDataManager.swift in Sources */ = {isa = PBXBuildFile; fileRef = F1A61EC42A70093C006E7382 /* CoreDataManager.swift */; };
		F1A61ECD2A70096D006E7382 /* Year+CoreDataClass.swift in Sources */ = {isa = PBXBuildFile; fileRef = F1A61EC72A70096D006E7382 /* Year+CoreDataClass.swift */; };
		F1A61ECE2A70096D006E7382 /* Year+CoreDataProperties.swift in Sources */ = {isa = PBXBuildFile; fileRef = F1A61EC82A70096D006E7382 /* Year+CoreDataProperties.swift */; };
		F1A61ECF2A70096D006E7382 /* Type+CoreDataClass.swift in Sources */ = {isa = PBXBuildFile; fileRef = F1A61EC92A70096D006E7382 /* Type+CoreDataClass.swift */; };
		F1A61ED02A70096D006E7382 /* Type+CoreDataProperties.swift in Sources */ = {isa = PBXBuildFile; fileRef = F1A61ECA2A70096D006E7382 /* Type+CoreDataProperties.swift */; };
		F1A61ED12A70096D006E7382 /* Item+CoreDataClass.swift in Sources */ = {isa = PBXBuildFile; fileRef = F1A61ECB2A70096D006E7382 /* Item+CoreDataClass.swift */; };
		F1A61ED22A70096D006E7382 /* Item+CoreDataProperties.swift in Sources */ = {isa = PBXBuildFile; fileRef = F1A61ECC2A70096D006E7382 /* Item+CoreDataProperties.swift */; };
/* End PBXBuildFile section */

/* Begin PBXContainerItemProxy section */
		F19E693C2A68109D0018E2CE /* PBXContainerItemProxy */ = {
			isa = PBXContainerItemProxy;
			containerPortal = F19E691D2A68109B0018E2CE /* Project object */;
			proxyType = 1;
			remoteGlobalIDString = F19E69242A68109B0018E2CE;
			remoteInfo = Lotus;
		};
		F19E69462A68109D0018E2CE /* PBXContainerItemProxy */ = {
			isa = PBXContainerItemProxy;
			containerPortal = F19E691D2A68109B0018E2CE /* Project object */;
			proxyType = 1;
			remoteGlobalIDString = F19E69242A68109B0018E2CE;
			remoteInfo = Lotus;
		};
/* End PBXContainerItemProxy section */

/* Begin PBXFileReference section */
		F19BBF1F2A682F930030F090 /* CalendarView.swift */ = {isa = PBXFileReference; lastKnownFileType = sourcecode.swift; path = CalendarView.swift; sourceTree = "<group>"; };
		F19BBF232A6833EC0030F090 /* StatsScreen.swift */ = {isa = PBXFileReference; lastKnownFileType = sourcecode.swift; path = StatsScreen.swift; sourceTree = "<group>"; };
		F19E69252A68109B0018E2CE /* Lotus.app */ = {isa = PBXFileReference; explicitFileType = wrapper.application; includeInIndex = 0; path = Lotus.app; sourceTree = BUILT_PRODUCTS_DIR; };
		F19E69282A68109B0018E2CE /* LotusApp.swift */ = {isa = PBXFileReference; lastKnownFileType = sourcecode.swift; path = LotusApp.swift; sourceTree = "<group>"; };
		F19E692C2A68109C0018E2CE /* Assets.xcassets */ = {isa = PBXFileReference; lastKnownFileType = folder.assetcatalog; path = Assets.xcassets; sourceTree = "<group>"; };
		F19E692F2A68109C0018E2CE /* Preview Assets.xcassets */ = {isa = PBXFileReference; lastKnownFileType = folder.assetcatalog; path = "Preview Assets.xcassets"; sourceTree = "<group>"; };
		F19E69312A68109C0018E2CE /* Persistence.swift */ = {isa = PBXFileReference; lastKnownFileType = sourcecode.swift; path = Persistence.swift; sourceTree = "<group>"; };
		F19E69342A68109C0018E2CE /* Lotus.xcdatamodel */ = {isa = PBXFileReference; lastKnownFileType = wrapper.xcdatamodel; path = Lotus.xcdatamodel; sourceTree = "<group>"; };
		F19E69362A68109C0018E2CE /* Info.plist */ = {isa = PBXFileReference; lastKnownFileType = text.plist.xml; path = Info.plist; sourceTree = "<group>"; };
		F19E693B2A68109D0018E2CE /* LotusTests.xctest */ = {isa = PBXFileReference; explicitFileType = wrapper.cfbundle; includeInIndex = 0; path = LotusTests.xctest; sourceTree = BUILT_PRODUCTS_DIR; };
		F19E693F2A68109D0018E2CE /* LotusTests.swift */ = {isa = PBXFileReference; lastKnownFileType = sourcecode.swift; path = LotusTests.swift; sourceTree = "<group>"; };
		F19E69452A68109D0018E2CE /* LotusUITests.xctest */ = {isa = PBXFileReference; explicitFileType = wrapper.cfbundle; includeInIndex = 0; path = LotusUITests.xctest; sourceTree = BUILT_PRODUCTS_DIR; };
		F19E69492A68109D0018E2CE /* LotusUITests.swift */ = {isa = PBXFileReference; lastKnownFileType = sourcecode.swift; path = LotusUITests.swift; sourceTree = "<group>"; };
		F19E694B2A68109D0018E2CE /* LotusUITestsLaunchTests.swift */ = {isa = PBXFileReference; lastKnownFileType = sourcecode.swift; path = LotusUITestsLaunchTests.swift; sourceTree = "<group>"; };
		F19E69582A6813340018E2CE /* RootView.swift */ = {isa = PBXFileReference; lastKnownFileType = sourcecode.swift; path = RootView.swift; sourceTree = "<group>"; };
		F19E695A2A6813840018E2CE /* ButtonStyles.swift */ = {isa = PBXFileReference; lastKnownFileType = sourcecode.swift; path = ButtonStyles.swift; sourceTree = "<group>"; };
		F19E695C2A68155B0018E2CE /* ColorExtension.swift */ = {isa = PBXFileReference; lastKnownFileType = sourcecode.swift; path = ColorExtension.swift; sourceTree = "<group>"; };
		F1A61EC22A7008F2006E7382 /* CoreDataStack.swift */ = {isa = PBXFileReference; lastKnownFileType = sourcecode.swift; path = CoreDataStack.swift; sourceTree = "<group>"; };
		F1A61EC42A70093C006E7382 /* CoreDataManager.swift */ = {isa = PBXFileReference; lastKnownFileType = sourcecode.swift; path = CoreDataManager.swift; sourceTree = "<group>"; };
		F1A61EC72A70096D006E7382 /* Year+CoreDataClass.swift */ = {isa = PBXFileReference; lastKnownFileType = sourcecode.swift; path = "Year+CoreDataClass.swift"; sourceTree = SOURCE_ROOT; };
		F1A61EC82A70096D006E7382 /* Year+CoreDataProperties.swift */ = {isa = PBXFileReference; lastKnownFileType = sourcecode.swift; path = "Year+CoreDataProperties.swift"; sourceTree = SOURCE_ROOT; };
		F1A61EC92A70096D006E7382 /* Type+CoreDataClass.swift */ = {isa = PBXFileReference; lastKnownFileType = sourcecode.swift; path = "Type+CoreDataClass.swift"; sourceTree = SOURCE_ROOT; };
		F1A61ECA2A70096D006E7382 /* Type+CoreDataProperties.swift */ = {isa = PBXFileReference; lastKnownFileType = sourcecode.swift; path = "Type+CoreDataProperties.swift"; sourceTree = SOURCE_ROOT; };
		F1A61ECB2A70096D006E7382 /* Item+CoreDataClass.swift */ = {isa = PBXFileReference; lastKnownFileType = sourcecode.swift; path = "Item+CoreDataClass.swift"; sourceTree = SOURCE_ROOT; };
		F1A61ECC2A70096D006E7382 /* Item+CoreDataProperties.swift */ = {isa = PBXFileReference; lastKnownFileType = sourcecode.swift; path = "Item+CoreDataProperties.swift"; sourceTree = SOURCE_ROOT; };
/* End PBXFileReference section */

/* Begin PBXFrameworksBuildPhase section */
		F19E69222A68109B0018E2CE /* Frameworks */ = {
			isa = PBXFrameworksBuildPhase;
			buildActionMask = 2147483647;
			files = (
			);
			runOnlyForDeploymentPostprocessing = 0;
		};
		F19E69382A68109D0018E2CE /* Frameworks */ = {
			isa = PBXFrameworksBuildPhase;
			buildActionMask = 2147483647;
			files = (
			);
			runOnlyForDeploymentPostprocessing = 0;
		};
		F19E69422A68109D0018E2CE /* Frameworks */ = {
			isa = PBXFrameworksBuildPhase;
			buildActionMask = 2147483647;
			files = (
			);
			runOnlyForDeploymentPostprocessing = 0;
		};
/* End PBXFrameworksBuildPhase section */

/* Begin PBXGroup section */
		F19BBF212A682F990030F090 /* UI Components */ = {
			isa = PBXGroup;
			children = (
				F19BBF1F2A682F930030F090 /* CalendarView.swift */,
			);
			path = "UI Components";
			sourceTree = "<group>";
		};
		F19BBF222A682FA50030F090 /* Screens */ = {
			isa = PBXGroup;
			children = (
				F19E69582A6813340018E2CE /* RootView.swift */,
				F19BBF232A6833EC0030F090 /* StatsScreen.swift */,
			);
			path = Screens;
			sourceTree = "<group>";
		};
		F19E691C2A68109B0018E2CE = {
			isa = PBXGroup;
			children = (
				F19E69272A68109B0018E2CE /* Lotus */,
				F19E693E2A68109D0018E2CE /* LotusTests */,
				F19E69482A68109D0018E2CE /* LotusUITests */,
				F19E69262A68109B0018E2CE /* Products */,
			);
			sourceTree = "<group>";
		};
		F19E69262A68109B0018E2CE /* Products */ = {
			isa = PBXGroup;
			children = (
				F19E69252A68109B0018E2CE /* Lotus.app */,
				F19E693B2A68109D0018E2CE /* LotusTests.xctest */,
				F19E69452A68109D0018E2CE /* LotusUITests.xctest */,
			);
			name = Products;
			sourceTree = "<group>";
		};
		F19E69272A68109B0018E2CE /* Lotus */ = {
			isa = PBXGroup;
			children = (
				F1A61EC12A7008E2006E7382 /* Util */,
				F19BBF222A682FA50030F090 /* Screens */,
				F19BBF212A682F990030F090 /* UI Components */,
				F19E695F2A68157C0018E2CE /* Extensions */,
				F19E695E2A6815770018E2CE /* Sytles */,
				F19E69282A68109B0018E2CE /* LotusApp.swift */,
				F19E692C2A68109C0018E2CE /* Assets.xcassets */,
				F19E69312A68109C0018E2CE /* Persistence.swift */,
				F19E69362A68109C0018E2CE /* Info.plist */,
				F19E69332A68109C0018E2CE /* Lotus.xcdatamodeld */,
				F19E692E2A68109C0018E2CE /* Preview Content */,
			);
			path = Lotus;
			sourceTree = "<group>";
		};
		F19E692E2A68109C0018E2CE /* Preview Content */ = {
			isa = PBXGroup;
			children = (
				F19E692F2A68109C0018E2CE /* Preview Assets.xcassets */,
			);
			path = "Preview Content";
			sourceTree = "<group>";
		};
		F19E693E2A68109D0018E2CE /* LotusTests */ = {
			isa = PBXGroup;
			children = (
				F19E693F2A68109D0018E2CE /* LotusTests.swift */,
			);
			path = LotusTests;
			sourceTree = "<group>";
		};
		F19E69482A68109D0018E2CE /* LotusUITests */ = {
			isa = PBXGroup;
			children = (
				F19E69492A68109D0018E2CE /* LotusUITests.swift */,
				F19E694B2A68109D0018E2CE /* LotusUITestsLaunchTests.swift */,
			);
			path = LotusUITests;
			sourceTree = "<group>";
		};
		F19E695E2A6815770018E2CE /* Sytles */ = {
			isa = PBXGroup;
			children = (
				F19E695A2A6813840018E2CE /* ButtonStyles.swift */,
			);
			path = Sytles;
			sourceTree = "<group>";
		};
		F19E695F2A68157C0018E2CE /* Extensions */ = {
			isa = PBXGroup;
			children = (
				F19E695C2A68155B0018E2CE /* ColorExtension.swift */,
			);
			path = Extensions;
			sourceTree = "<group>";
		};
		F1A61EC12A7008E2006E7382 /* Util */ = {
			isa = PBXGroup;
			children = (
				F1A61EC62A700961006E7382 /* CoreData */,
				F1A61EC22A7008F2006E7382 /* CoreDataStack.swift */,
				F1A61EC42A70093C006E7382 /* CoreDataManager.swift */,
			);
			path = Util;
			sourceTree = "<group>";
		};
		F1A61EC62A700961006E7382 /* CoreData */ = {
			isa = PBXGroup;
			children = (
				F1A61EC72A70096D006E7382 /* Year+CoreDataClass.swift */,
				F1A61EC82A70096D006E7382 /* Year+CoreDataProperties.swift */,
				F1A61EC92A70096D006E7382 /* Type+CoreDataClass.swift */,
				F1A61ECA2A70096D006E7382 /* Type+CoreDataProperties.swift */,
				F1A61ECB2A70096D006E7382 /* Item+CoreDataClass.swift */,
				F1A61ECC2A70096D006E7382 /* Item+CoreDataProperties.swift */,
			);
			path = CoreData;
			sourceTree = "<group>";
		};
/* End PBXGroup section */

/* Begin PBXNativeTarget section */
		F19E69242A68109B0018E2CE /* Lotus */ = {
			isa = PBXNativeTarget;
			buildConfigurationList = F19E694F2A68109D0018E2CE /* Build configuration list for PBXNativeTarget "Lotus" */;
			buildPhases = (
				F19E69212A68109B0018E2CE /* Sources */,
				F19E69222A68109B0018E2CE /* Frameworks */,
				F19E69232A68109B0018E2CE /* Resources */,
			);
			buildRules = (
			);
			dependencies = (
			);
			name = Lotus;
			productName = Lotus;
			productReference = F19E69252A68109B0018E2CE /* Lotus.app */;
			productType = "com.apple.product-type.application";
		};
		F19E693A2A68109D0018E2CE /* LotusTests */ = {
			isa = PBXNativeTarget;
			buildConfigurationList = F19E69522A68109D0018E2CE /* Build configuration list for PBXNativeTarget "LotusTests" */;
			buildPhases = (
				F19E69372A68109D0018E2CE /* Sources */,
				F19E69382A68109D0018E2CE /* Frameworks */,
				F19E69392A68109D0018E2CE /* Resources */,
			);
			buildRules = (
			);
			dependencies = (
				F19E693D2A68109D0018E2CE /* PBXTargetDependency */,
			);
			name = LotusTests;
			productName = LotusTests;
			productReference = F19E693B2A68109D0018E2CE /* LotusTests.xctest */;
			productType = "com.apple.product-type.bundle.unit-test";
		};
		F19E69442A68109D0018E2CE /* LotusUITests */ = {
			isa = PBXNativeTarget;
			buildConfigurationList = F19E69552A68109D0018E2CE /* Build configuration list for PBXNativeTarget "LotusUITests" */;
			buildPhases = (
				F19E69412A68109D0018E2CE /* Sources */,
				F19E69422A68109D0018E2CE /* Frameworks */,
				F19E69432A68109D0018E2CE /* Resources */,
			);
			buildRules = (
			);
			dependencies = (
				F19E69472A68109D0018E2CE /* PBXTargetDependency */,
			);
			name = LotusUITests;
			productName = LotusUITests;
			productReference = F19E69452A68109D0018E2CE /* LotusUITests.xctest */;
			productType = "com.apple.product-type.bundle.ui-testing";
		};
/* End PBXNativeTarget section */

/* Begin PBXProject section */
		F19E691D2A68109B0018E2CE /* Project object */ = {
			isa = PBXProject;
			attributes = {
				BuildIndependentTargetsInParallel = 1;
				LastSwiftUpdateCheck = 1430;
				LastUpgradeCheck = 1430;
				TargetAttributes = {
					F19E69242A68109B0018E2CE = {
						CreatedOnToolsVersion = 14.3.1;
					};
					F19E693A2A68109D0018E2CE = {
						CreatedOnToolsVersion = 14.3.1;
						TestTargetID = F19E69242A68109B0018E2CE;
					};
					F19E69442A68109D0018E2CE = {
						CreatedOnToolsVersion = 14.3.1;
						TestTargetID = F19E69242A68109B0018E2CE;
					};
				};
			};
			buildConfigurationList = F19E69202A68109B0018E2CE /* Build configuration list for PBXProject "Lotus" */;
			compatibilityVersion = "Xcode 14.0";
			developmentRegion = en;
			hasScannedForEncodings = 0;
			knownRegions = (
				en,
				Base,
			);
			mainGroup = F19E691C2A68109B0018E2CE;
			productRefGroup = F19E69262A68109B0018E2CE /* Products */;
			projectDirPath = "";
			projectRoot = "";
			targets = (
				F19E69242A68109B0018E2CE /* Lotus */,
				F19E693A2A68109D0018E2CE /* LotusTests */,
				F19E69442A68109D0018E2CE /* LotusUITests */,
			);
		};
/* End PBXProject section */

/* Begin PBXResourcesBuildPhase section */
		F19E69232A68109B0018E2CE /* Resources */ = {
			isa = PBXResourcesBuildPhase;
			buildActionMask = 2147483647;
			files = (
				F19E69302A68109C0018E2CE /* Preview Assets.xcassets in Resources */,
				F19E692D2A68109C0018E2CE /* Assets.xcassets in Resources */,
			);
			runOnlyForDeploymentPostprocessing = 0;
		};
		F19E69392A68109D0018E2CE /* Resources */ = {
			isa = PBXResourcesBuildPhase;
			buildActionMask = 2147483647;
			files = (
			);
			runOnlyForDeploymentPostprocessing = 0;
		};
		F19E69432A68109D0018E2CE /* Resources */ = {
			isa = PBXResourcesBuildPhase;
			buildActionMask = 2147483647;
			files = (
			);
			runOnlyForDeploymentPostprocessing = 0;
		};
/* End PBXResourcesBuildPhase section */

/* Begin PBXSourcesBuildPhase section */
		F19E69212A68109B0018E2CE /* Sources */ = {
			isa = PBXSourcesBuildPhase;
			buildActionMask = 2147483647;
			files = (
				F1A61ED02A70096D006E7382 /* Type+CoreDataProperties.swift in Sources */,
				F1A61ECD2A70096D006E7382 /* Year+CoreDataClass.swift in Sources */,
				F19E69322A68109C0018E2CE /* Persistence.swift in Sources */,
				F19E695B2A6813840018E2CE /* ButtonStyles.swift in Sources */,
				F19BBF202A682F930030F090 /* CalendarView.swift in Sources */,
				F1A61ECE2A70096D006E7382 /* Year+CoreDataProperties.swift in Sources */,
				F1A61ED12A70096D006E7382 /* Item+CoreDataClass.swift in Sources */,
				F19E69352A68109C0018E2CE /* Lotus.xcdatamodeld in Sources */,
				F1A61EC32A7008F2006E7382 /* CoreDataStack.swift in Sources */,
				F19E69292A68109B0018E2CE /* LotusApp.swift in Sources */,
				F19BBF242A6833EC0030F090 /* StatsScreen.swift in Sources */,
				F19E695D2A68155B0018E2CE /* ColorExtension.swift in Sources */,
				F1A61ECF2A70096D006E7382 /* Type+CoreDataClass.swift in Sources */,
				F19E69592A6813340018E2CE /* RootView.swift in Sources */,
				F1A61ED22A70096D006E7382 /* Item+CoreDataProperties.swift in Sources */,
				F1A61EC52A70093C006E7382 /* CoreDataManager.swift in Sources */,
			);
			runOnlyForDeploymentPostprocessing = 0;
		};
		F19E69372A68109D0018E2CE /* Sources */ = {
			isa = PBXSourcesBuildPhase;
			buildActionMask = 2147483647;
			files = (
				F19E69402A68109D0018E2CE /* LotusTests.swift in Sources */,
			);
			runOnlyForDeploymentPostprocessing = 0;
		};
		F19E69412A68109D0018E2CE /* Sources */ = {
			isa = PBXSourcesBuildPhase;
			buildActionMask = 2147483647;
			files = (
				F19E694C2A68109D0018E2CE /* LotusUITestsLaunchTests.swift in Sources */,
				F19E694A2A68109D0018E2CE /* LotusUITests.swift in Sources */,
			);
			runOnlyForDeploymentPostprocessing = 0;
		};
/* End PBXSourcesBuildPhase section */

/* Begin PBXTargetDependency section */
		F19E693D2A68109D0018E2CE /* PBXTargetDependency */ = {
			isa = PBXTargetDependency;
			target = F19E69242A68109B0018E2CE /* Lotus */;
			targetProxy = F19E693C2A68109D0018E2CE /* PBXContainerItemProxy */;
		};
		F19E69472A68109D0018E2CE /* PBXTargetDependency */ = {
			isa = PBXTargetDependency;
			target = F19E69242A68109B0018E2CE /* Lotus */;
			targetProxy = F19E69462A68109D0018E2CE /* PBXContainerItemProxy */;
		};
/* End PBXTargetDependency section */

/* Begin XCBuildConfiguration section */
		F19E694D2A68109D0018E2CE /* Debug */ = {
			isa = XCBuildConfiguration;
			buildSettings = {
				ALWAYS_SEARCH_USER_PATHS = NO;
				CLANG_ANALYZER_NONNULL = YES;
				CLANG_ANALYZER_NUMBER_OBJECT_CONVERSION = YES_AGGRESSIVE;
				CLANG_CXX_LANGUAGE_STANDARD = "gnu++20";
				CLANG_ENABLE_MODULES = YES;
				CLANG_ENABLE_OBJC_ARC = YES;
				CLANG_ENABLE_OBJC_WEAK = YES;
				CLANG_WARN_BLOCK_CAPTURE_AUTORELEASING = YES;
				CLANG_WARN_BOOL_CONVERSION = YES;
				CLANG_WARN_COMMA = YES;
				CLANG_WARN_CONSTANT_CONVERSION = YES;
				CLANG_WARN_DEPRECATED_OBJC_IMPLEMENTATIONS = YES;
				CLANG_WARN_DIRECT_OBJC_ISA_USAGE = YES_ERROR;
				CLANG_WARN_DOCUMENTATION_COMMENTS = YES;
				CLANG_WARN_EMPTY_BODY = YES;
				CLANG_WARN_ENUM_CONVERSION = YES;
				CLANG_WARN_INFINITE_RECURSION = YES;
				CLANG_WARN_INT_CONVERSION = YES;
				CLANG_WARN_NON_LITERAL_NULL_CONVERSION = YES;
				CLANG_WARN_OBJC_IMPLICIT_RETAIN_SELF = YES;
				CLANG_WARN_OBJC_LITERAL_CONVERSION = YES;
				CLANG_WARN_OBJC_ROOT_CLASS = YES_ERROR;
				CLANG_WARN_QUOTED_INCLUDE_IN_FRAMEWORK_HEADER = YES;
				CLANG_WARN_RANGE_LOOP_ANALYSIS = YES;
				CLANG_WARN_STRICT_PROTOTYPES = YES;
				CLANG_WARN_SUSPICIOUS_MOVE = YES;
				CLANG_WARN_UNGUARDED_AVAILABILITY = YES_AGGRESSIVE;
				CLANG_WARN_UNREACHABLE_CODE = YES;
				CLANG_WARN__DUPLICATE_METHOD_MATCH = YES;
				COPY_PHASE_STRIP = NO;
				DEBUG_INFORMATION_FORMAT = dwarf;
				ENABLE_STRICT_OBJC_MSGSEND = YES;
				ENABLE_TESTABILITY = YES;
				GCC_C_LANGUAGE_STANDARD = gnu11;
				GCC_DYNAMIC_NO_PIC = NO;
				GCC_NO_COMMON_BLOCKS = YES;
				GCC_OPTIMIZATION_LEVEL = 0;
				GCC_PREPROCESSOR_DEFINITIONS = (
					"DEBUG=1",
					"$(inherited)",
				);
				GCC_WARN_64_TO_32_BIT_CONVERSION = YES;
				GCC_WARN_ABOUT_RETURN_TYPE = YES_ERROR;
				GCC_WARN_UNDECLARED_SELECTOR = YES;
				GCC_WARN_UNINITIALIZED_AUTOS = YES_AGGRESSIVE;
				GCC_WARN_UNUSED_FUNCTION = YES;
				GCC_WARN_UNUSED_VARIABLE = YES;
				IPHONEOS_DEPLOYMENT_TARGET = 16.4;
				MTL_ENABLE_DEBUG_INFO = INCLUDE_SOURCE;
				MTL_FAST_MATH = YES;
				ONLY_ACTIVE_ARCH = YES;
				SDKROOT = iphoneos;
				SWIFT_ACTIVE_COMPILATION_CONDITIONS = DEBUG;
				SWIFT_OPTIMIZATION_LEVEL = "-Onone";
			};
			name = Debug;
		};
		F19E694E2A68109D0018E2CE /* Release */ = {
			isa = XCBuildConfiguration;
			buildSettings = {
				ALWAYS_SEARCH_USER_PATHS = NO;
				CLANG_ANALYZER_NONNULL = YES;
				CLANG_ANALYZER_NUMBER_OBJECT_CONVERSION = YES_AGGRESSIVE;
				CLANG_CXX_LANGUAGE_STANDARD = "gnu++20";
				CLANG_ENABLE_MODULES = YES;
				CLANG_ENABLE_OBJC_ARC = YES;
				CLANG_ENABLE_OBJC_WEAK = YES;
				CLANG_WARN_BLOCK_CAPTURE_AUTORELEASING = YES;
				CLANG_WARN_BOOL_CONVERSION = YES;
				CLANG_WARN_COMMA = YES;
				CLANG_WARN_CONSTANT_CONVERSION = YES;
				CLANG_WARN_DEPRECATED_OBJC_IMPLEMENTATIONS = YES;
				CLANG_WARN_DIRECT_OBJC_ISA_USAGE = YES_ERROR;
				CLANG_WARN_DOCUMENTATION_COMMENTS = YES;
				CLANG_WARN_EMPTY_BODY = YES;
				CLANG_WARN_ENUM_CONVERSION = YES;
				CLANG_WARN_INFINITE_RECURSION = YES;
				CLANG_WARN_INT_CONVERSION = YES;
				CLANG_WARN_NON_LITERAL_NULL_CONVERSION = YES;
				CLANG_WARN_OBJC_IMPLICIT_RETAIN_SELF = YES;
				CLANG_WARN_OBJC_LITERAL_CONVERSION = YES;
				CLANG_WARN_OBJC_ROOT_CLASS = YES_ERROR;
				CLANG_WARN_QUOTED_INCLUDE_IN_FRAMEWORK_HEADER = YES;
				CLANG_WARN_RANGE_LOOP_ANALYSIS = YES;
				CLANG_WARN_STRICT_PROTOTYPES = YES;
				CLANG_WARN_SUSPICIOUS_MOVE = YES;
				CLANG_WARN_UNGUARDED_AVAILABILITY = YES_AGGRESSIVE;
				CLANG_WARN_UNREACHABLE_CODE = YES;
				CLANG_WARN__DUPLICATE_METHOD_MATCH = YES;
				COPY_PHASE_STRIP = NO;
				DEBUG_INFORMATION_FORMAT = "dwarf-with-dsym";
				ENABLE_NS_ASSERTIONS = NO;
				ENABLE_STRICT_OBJC_MSGSEND = YES;
				GCC_C_LANGUAGE_STANDARD = gnu11;
				GCC_NO_COMMON_BLOCKS = YES;
				GCC_WARN_64_TO_32_BIT_CONVERSION = YES;
				GCC_WARN_ABOUT_RETURN_TYPE = YES_ERROR;
				GCC_WARN_UNDECLARED_SELECTOR = YES;
				GCC_WARN_UNINITIALIZED_AUTOS = YES_AGGRESSIVE;
				GCC_WARN_UNUSED_FUNCTION = YES;
				GCC_WARN_UNUSED_VARIABLE = YES;
				IPHONEOS_DEPLOYMENT_TARGET = 16.4;
				MTL_ENABLE_DEBUG_INFO = NO;
				MTL_FAST_MATH = YES;
				SDKROOT = iphoneos;
				SWIFT_COMPILATION_MODE = wholemodule;
				SWIFT_OPTIMIZATION_LEVEL = "-O";
				VALIDATE_PRODUCT = YES;
			};
			name = Release;
		};
		F19E69502A68109D0018E2CE /* Debug */ = {
			isa = XCBuildConfiguration;
			buildSettings = {
				ASSETCATALOG_COMPILER_APPICON_NAME = AppIcon;
				ASSETCATALOG_COMPILER_GLOBAL_ACCENT_COLOR_NAME = AccentColor;
				CODE_SIGN_STYLE = Automatic;
				CURRENT_PROJECT_VERSION = 1;
				DEVELOPMENT_ASSET_PATHS = "\"Lotus/Preview Content\"";
				DEVELOPMENT_TEAM = 93TVBDWQK4;
				ENABLE_PREVIEWS = YES;
				GENERATE_INFOPLIST_FILE = YES;
				INFOPLIST_KEY_UIApplicationSceneManifest_Generation = YES;
				INFOPLIST_KEY_UIApplicationSupportsIndirectInputEvents = YES;
				INFOPLIST_KEY_UILaunchScreen_Generation = YES;
				INFOPLIST_KEY_UISupportedInterfaceOrientations_iPad = "UIInterfaceOrientationPortrait UIInterfaceOrientationPortraitUpsideDown UIInterfaceOrientationLandscapeLeft UIInterfaceOrientationLandscapeRight";
				INFOPLIST_KEY_UISupportedInterfaceOrientations_iPhone = "UIInterfaceOrientationPortrait UIInterfaceOrientationLandscapeLeft UIInterfaceOrientationLandscapeRight";
				LD_RUNPATH_SEARCH_PATHS = (
					"$(inherited)",
					"@executable_path/Frameworks",
				);
				MARKETING_VERSION = 1.0;
				PRODUCT_BUNDLE_IDENTIFIER = "akora-studios.Lotus";
				PRODUCT_NAME = "$(TARGET_NAME)";
				SWIFT_EMIT_LOC_STRINGS = YES;
				SWIFT_VERSION = 5.0;
				TARGETED_DEVICE_FAMILY = "1,2";
			};
			name = Debug;
		};
		F19E69512A68109D0018E2CE /* Release */ = {
			isa = XCBuildConfiguration;
			buildSettings = {
				ASSETCATALOG_COMPILER_APPICON_NAME = AppIcon;
				ASSETCATALOG_COMPILER_GLOBAL_ACCENT_COLOR_NAME = AccentColor;
				CODE_SIGN_STYLE = Automatic;
				CURRENT_PROJECT_VERSION = 1;
				DEVELOPMENT_ASSET_PATHS = "\"Lotus/Preview Content\"";
				DEVELOPMENT_TEAM = 93TVBDWQK4;
				ENABLE_PREVIEWS = YES;
				GENERATE_INFOPLIST_FILE = YES;
				INFOPLIST_KEY_UIApplicationSceneManifest_Generation = YES;
				INFOPLIST_KEY_UIApplicationSupportsIndirectInputEvents = YES;
				INFOPLIST_KEY_UILaunchScreen_Generation = YES;
				INFOPLIST_KEY_UISupportedInterfaceOrientations_iPad = "UIInterfaceOrientationPortrait UIInterfaceOrientationPortraitUpsideDown UIInterfaceOrientationLandscapeLeft UIInterfaceOrientationLandscapeRight";
				INFOPLIST_KEY_UISupportedInterfaceOrientations_iPhone = "UIInterfaceOrientationPortrait UIInterfaceOrientationLandscapeLeft UIInterfaceOrientationLandscapeRight";
				LD_RUNPATH_SEARCH_PATHS = (
					"$(inherited)",
					"@executable_path/Frameworks",
				);
				MARKETING_VERSION = 1.0;
				PRODUCT_BUNDLE_IDENTIFIER = "akora-studios.Lotus";
				PRODUCT_NAME = "$(TARGET_NAME)";
				SWIFT_EMIT_LOC_STRINGS = YES;
				SWIFT_VERSION = 5.0;
				TARGETED_DEVICE_FAMILY = "1,2";
			};
			name = Release;
		};
		F19E69532A68109D0018E2CE /* Debug */ = {
			isa = XCBuildConfiguration;
			buildSettings = {
				ALWAYS_EMBED_SWIFT_STANDARD_LIBRARIES = YES;
				BUNDLE_LOADER = "$(TEST_HOST)";
				CODE_SIGN_STYLE = Automatic;
				CURRENT_PROJECT_VERSION = 1;
				DEVELOPMENT_TEAM = 93TVBDWQK4;
				GENERATE_INFOPLIST_FILE = YES;
				IPHONEOS_DEPLOYMENT_TARGET = 16.4;
				MARKETING_VERSION = 1.0;
				PRODUCT_BUNDLE_IDENTIFIER = "akora-studios.LotusTests";
				PRODUCT_NAME = "$(TARGET_NAME)";
				SWIFT_EMIT_LOC_STRINGS = NO;
				SWIFT_VERSION = 5.0;
				TARGETED_DEVICE_FAMILY = "1,2";
				TEST_HOST = "$(BUILT_PRODUCTS_DIR)/Lotus.app/$(BUNDLE_EXECUTABLE_FOLDER_PATH)/Lotus";
			};
			name = Debug;
		};
		F19E69542A68109D0018E2CE /* Release */ = {
			isa = XCBuildConfiguration;
			buildSettings = {
				ALWAYS_EMBED_SWIFT_STANDARD_LIBRARIES = YES;
				BUNDLE_LOADER = "$(TEST_HOST)";
				CODE_SIGN_STYLE = Automatic;
				CURRENT_PROJECT_VERSION = 1;
				DEVELOPMENT_TEAM = 93TVBDWQK4;
				GENERATE_INFOPLIST_FILE = YES;
				IPHONEOS_DEPLOYMENT_TARGET = 16.4;
				MARKETING_VERSION = 1.0;
				PRODUCT_BUNDLE_IDENTIFIER = "akora-studios.LotusTests";
				PRODUCT_NAME = "$(TARGET_NAME)";
				SWIFT_EMIT_LOC_STRINGS = NO;
				SWIFT_VERSION = 5.0;
				TARGETED_DEVICE_FAMILY = "1,2";
				TEST_HOST = "$(BUILT_PRODUCTS_DIR)/Lotus.app/$(BUNDLE_EXECUTABLE_FOLDER_PATH)/Lotus";
			};
			name = Release;
		};
		F19E69562A68109D0018E2CE /* Debug */ = {
			isa = XCBuildConfiguration;
			buildSettings = {
				ALWAYS_EMBED_SWIFT_STANDARD_LIBRARIES = YES;
				CODE_SIGN_STYLE = Automatic;
				CURRENT_PROJECT_VERSION = 1;
				DEVELOPMENT_TEAM = 93TVBDWQK4;
				GENERATE_INFOPLIST_FILE = YES;
				MARKETING_VERSION = 1.0;
				PRODUCT_BUNDLE_IDENTIFIER = "akora-studios.LotusUITests";
				PRODUCT_NAME = "$(TARGET_NAME)";
				SWIFT_EMIT_LOC_STRINGS = NO;
				SWIFT_VERSION = 5.0;
				TARGETED_DEVICE_FAMILY = "1,2";
				TEST_TARGET_NAME = Lotus;
			};
			name = Debug;
		};
		F19E69572A68109D0018E2CE /* Release */ = {
			isa = XCBuildConfiguration;
			buildSettings = {
				ALWAYS_EMBED_SWIFT_STANDARD_LIBRARIES = YES;
				CODE_SIGN_STYLE = Automatic;
				CURRENT_PROJECT_VERSION = 1;
				DEVELOPMENT_TEAM = 93TVBDWQK4;
				GENERATE_INFOPLIST_FILE = YES;
				MARKETING_VERSION = 1.0;
				PRODUCT_BUNDLE_IDENTIFIER = "akora-studios.LotusUITests";
				PRODUCT_NAME = "$(TARGET_NAME)";
				SWIFT_EMIT_LOC_STRINGS = NO;
				SWIFT_VERSION = 5.0;
				TARGETED_DEVICE_FAMILY = "1,2";
				TEST_TARGET_NAME = Lotus;
			};
			name = Release;
		};
/* End XCBuildConfiguration section */

/* Begin XCConfigurationList section */
		F19E69202A68109B0018E2CE /* Build configuration list for PBXProject "Lotus" */ = {
			isa = XCConfigurationList;
			buildConfigurations = (
				F19E694D2A68109D0018E2CE /* Debug */,
				F19E694E2A68109D0018E2CE /* Release */,
			);
			defaultConfigurationIsVisible = 0;
			defaultConfigurationName = Release;
		};
		F19E694F2A68109D0018E2CE /* Build configuration list for PBXNativeTarget "Lotus" */ = {
			isa = XCConfigurationList;
			buildConfigurations = (
				F19E69502A68109D0018E2CE /* Debug */,
				F19E69512A68109D0018E2CE /* Release */,
			);
			defaultConfigurationIsVisible = 0;
			defaultConfigurationName = Release;
		};
		F19E69522A68109D0018E2CE /* Build configuration list for PBXNativeTarget "LotusTests" */ = {
			isa = XCConfigurationList;
			buildConfigurations = (
				F19E69532A68109D0018E2CE /* Debug */,
				F19E69542A68109D0018E2CE /* Release */,
			);
			defaultConfigurationIsVisible = 0;
			defaultConfigurationName = Release;
		};
		F19E69552A68109D0018E2CE /* Build configuration list for PBXNativeTarget "LotusUITests" */ = {
			isa = XCConfigurationList;
			buildConfigurations = (
				F19E69562A68109D0018E2CE /* Debug */,
				F19E69572A68109D0018E2CE /* Release */,
			);
			defaultConfigurationIsVisible = 0;
			defaultConfigurationName = Release;
		};
/* End XCConfigurationList section */

/* Begin XCVersionGroup section */
		F19E69332A68109C0018E2CE /* Lotus.xcdatamodeld */ = {
			isa = XCVersionGroup;
			children = (
				F19E69342A68109C0018E2CE /* Lotus.xcdatamodel */,
			);
			currentVersion = F19E69342A68109C0018E2CE /* Lotus.xcdatamodel */;
			path = Lotus.xcdatamodeld;
			sourceTree = "<group>";
			versionGroupType = wrapper.xcdatamodel;
		};
/* End XCVersionGroup section */
	};
	rootObject = F19E691D2A68109B0018E2CE /* Project object */;
}
